github.com/goburrow/serial v0.1.0 h1:v2T1SQa/dlUqQiYIT8+Cu7YolfqAi3K96UmhwYyuSrA=
github.com/goburrow/serial v0.1.0/go.mod h1:sAiqG0nRVswsm1C97xsttiYCzSLBmUZ/VSlVLZJ8haA=
github.com/simonvetter/modbus v1.6.0 h1:RDHJevtc7LDIVoHAbhDun8fy+QwnGe+ZU+sLm9ZZzjc=
github.com/simonvetter/modbus v1.6.0/go.mod h1:hh90ZaTaPLcK2REj6/fpTbiV0J6S7GWmd8q+GVRObPw=
